
Microsoft Visual Studio Solution File, Format Version 12.00
# Visual Studio 15
VisualStudioVersion = 15.0.28307.1082
MinimumVisualStudioVersion = 10.0.40219.1
Project("{8BC9CEB8-8B4A-11D0-8D11-00A0C91BC942}") = "Small_world", "_Cplex_1\_Cplex_1.vcxproj", "{443F4C48-54E1-4B71-89B3-580E03210DBC}"
EndProject
Global
	GlobalSection(SolutionConfigurationPlatforms) = preSolution
		Cplex|x64 = Cplex|x64
		Cplex|x86 = Cplex|x86
		Debug|x64 = Debug|x64
		Debug|x86 = Debug|x86
		Release|x64 = Release|x64
		Release|x86 = Release|x86
	EndGlobalSection
	GlobalSection(ProjectConfigurationPlatforms) = postSolution
		{443F4C48-54E1-4B71-89B3-580E03210DBC}.Cplex|x64.ActiveCfg = Cplex|x64
		{443F4C48-54E1-4B71-89B3-580E03210DBC}.Cplex|x64.Build.0 = Cplex|x64
		{443F4C48-54E1-4B71-89B3-580E03210DBC}.Cplex|x86.ActiveCfg = Cplex|Win32
		{443F4C48-54E1-4B71-89B3-580E03210DBC}.Cplex|x86.Build.0 = Cplex|Win32
		{443F4C48-54E1-4B71-89B3-580E03210DBC}.Debug|x64.ActiveCfg = Debug|x64
		{443F4C48-54E1-4B71-89B3-580E03210DBC}.Debug|x64.Build.0 = Debug|x64
		{443F4C48-54E1-4B71-89B3-580E03210DBC}.Debug|x86.ActiveCfg = Debug|Win32
		{443F4C48-54E1-4B71-89B3-580E03210DBC}.Debug|x86.Build.0 = Debug|Win32
		{443F4C48-54E1-4B71-89B3-580E03210DBC}.Release|x64.ActiveCfg = Release|x64
		{443F4C48-54E1-4B71-89B3-580E03210DBC}.Release|x64.Build.0 = Release|x64
		{443F4C48-54E1-4B71-89B3-580E03210DBC}.Release|x86.ActiveCfg = Release|Win32
		{443F4C48-54E1-4B71-89B3-580E03210DBC}.Release|x86.Build.0 = Release|Win32
	EndGlobalSection
	GlobalSection(SolutionProperties) = preSolution
		HideSolutionNode = FALSE
	EndGlobalSection
	GlobalSection(ExtensibilityGlobals) = postSolution
		SolutionGuid = {7D740AD7-A2D8-41F8-BB7C-F5BCCB5B3D06}
	EndGlobalSection
EndGlobal
